// !$*UTF8*$!
{
	archiveVersion = 1;
	classes = {
	};
	objectVersion = 77;
	objects = {

/* Begin PBXBuildFile section */
		BBBB10070000000000000001 /* ProtocolSchema.swift in Sources */ = {isa = PBXBuildFile; fileRef = AAAA10070000000000000001 /* ProtocolSchema.swift */; };
		BBBB10070000000000000002 /* CommandSchemas.swift in Sources */ = {isa = PBXBuildFile; fileRef = AAAA10070000000000000002 /* CommandSchemas.swift */; };
		BBBB10070000000000000003 /* ConversationCommandFactory.swift in Sources */ = {isa = PBXBuildFile; fileRef = AAAA10070000000000000003 /* ConversationCommandFactory.swift */; };
		BBBB10070000000000000004 /* AckActivationBarrier.swift in Sources */ = {isa = PBXBuildFile; fileRef = AAAA10070000000000000004 /* AckActivationBarrier.swift */; };
		BBBB10070000000000000005 /* ProtocolSchemaTests.swift in Sources */ = {isa = PBXBuildFile; fileRef = AAAA10070000000000000005 /* ProtocolSchemaTests.swift */; };
		BBBB10070000000000000006 /* CommandFactoryTests.swift in Sources */ = {isa = PBXBuildFile; fileRef = AAAA10070000000000000006 /* CommandFactoryTests.swift */; };
		BBBB10070000000000000007 /* AckActivationBarrierTests.swift in Sources */ = {isa = PBXBuildFile; fileRef = AAAA10070000000000000007 /* AckActivationBarrierTests.swift */; };
		002950721655AE315013635C /* RootView.swift in Sources */ = {isa = PBXBuildFile; fileRef = 0B2D54E8CDE727E93B064055 /* RootView.swift */; };
		017BAE8773AC3CE5A203FE27 /* TaskNotificationContentTests.swift in Sources */ = {isa = PBXBuildFile; fileRef = 6ABFC2280688B1F228898495 /* TaskNotificationContentTests.swift */; };
		02F787931DA9B07F3E639348 /* P2ExtrasViews.swift in Sources */ = {isa = PBXBuildFile; fileRef = 99765DA82BF8AB5FF5A1A8A5 /* P2ExtrasViews.swift */; };
		05565D541E975E664A34E318 /* SessionPanelsView.swift in Sources */ = {isa = PBXBuildFile; fileRef = 02BB093265D7B81233803F4F /* SessionPanelsView.swift */; };
		0A3C7D100000000000000001 /* ComposerOptionSheet.swift in Sources */ = {isa = PBXBuildFile; fileRef = 0A3C7D100000000000000002 /* ComposerOptionSheet.swift */; };
		086FD4E9F567588B9134DB15 /* SettingsView.swift in Sources */ = {isa = PBXBuildFile; fileRef = BEA6F6A479CDA01323F0589A /* SettingsView.swift */; };
		096A2BC7145DBEFA1A9EBC13 /* ServerViews.swift in Sources */ = {isa = PBXBuildFile; fileRef = 60F40DB0E5742B8570C2994B /* ServerViews.swift */; };
		09A6B884D81B1F4E996AD6E3 /* ContextPicker.swift in Sources */ = {isa = PBXBuildFile; fileRef = 526D1D725C702380F055B0AA /* ContextPicker.swift */; };
		09D377064333165DF8AB0906 /* RemoteFileStore.swift in Sources */ = {isa = PBXBuildFile; fileRef = 4577956DAA867320EDEF1D80 /* RemoteFileStore.swift */; };
		0CA11EA530D57750D59B798F /* InfoPlist.xcstrings in Resources */ = {isa = PBXBuildFile; fileRef = F81ACB9B3F4D7D6E09FD87C5 /* InfoPlist.xcstrings */; };
		0FF26C3041A097354663BA12 /* ApprovalSheetView.swift in Sources */ = {isa = PBXBuildFile; fileRef = 23506970C8F49897FBAB8DD6 /* ApprovalSheetView.swift */; };
		1A1D8FFB9A29DDEDF0EA2FC8 /* RelayChannelClient.swift in Sources */ = {isa = PBXBuildFile; fileRef = 674143DCBCAFE98264D2354D /* RelayChannelClient.swift */; };
		1A73CEFE48C996FA3D99A8AA /* ReadOnlyGateTests.swift in Sources */ = {isa = PBXBuildFile; fileRef = CC85D0006A385C2129A7D97B /* ReadOnlyGateTests.swift */; };
		1B6C9058EFDDB56F599C6906 /* AttachmentUploadService.swift in Sources */ = {isa = PBXBuildFile; fileRef = 0CB00D44F0B2F788571998E0 /* AttachmentUploadService.swift */; };
		2103A6AADB7612478388ED1E /* BotManagementView.swift in Sources */ = {isa = PBXBuildFile; fileRef = AFF67A6E16C2F1EDDABC001C /* BotManagementView.swift */; };
		235BF9FFB1393D602F36DEA6 /* E2ELoginStubServer.swift in Sources */ = {isa = PBXBuildFile; fileRef = 7F3D9C08B7B35175B7A33DEC /* E2ELoginStubServer.swift */; };
		29E79CA65041A927147558C4 /* LoginFlowView.swift in Sources */ = {isa = PBXBuildFile; fileRef = F4D0EFC01CC7EA3E6A1C779E /* LoginFlowView.swift */; };
		2F26FEE02E29CA5BAD46EA2C /* RemoteTaskStore.swift in Sources */ = {isa = PBXBuildFile; fileRef = BD165EFCA94743A60E247DB2 /* RemoteTaskStore.swift */; };
		31A02139F5ECCDA2966B42C0 /* ConnectingView.swift in Sources */ = {isa = PBXBuildFile; fileRef = D61D8B3A9F83D69D99B7A644 /* ConnectingView.swift */; };
		37533D714B52A6824AE7D4E9 /* LayoutAuditTests.swift in Sources */ = {isa = PBXBuildFile; fileRef = 8A9AA0CA3BA45B100DFB9B64 /* LayoutAuditTests.swift */; };
		45C176870C4D64D5A955D12A /* ChannelClient.swift in Sources */ = {isa = PBXBuildFile; fileRef = 4E3A14B63EB694487754EC04 /* ChannelClient.swift */; };
		476F50FC672DDB0712555491 /* NotificationService.swift in Sources */ = {isa = PBXBuildFile; fileRef = 986DC64F9C9F609E26A8FC0D /* NotificationService.swift */; };
		4B6D4418DF4A5E2107C86B7D /* DiffReviewView.swift in Sources */ = {isa = PBXBuildFile; fileRef = D6D51E2B40D70587E47F1E8A /* DiffReviewView.swift */; };
		4BC94FE4A6EFF5638A58AEE8 /* MockFileStore.swift in Sources */ = {isa = PBXBuildFile; fileRef = 1CAB74D240B62FE6B7EDAC33 /* MockFileStore.swift */; };
		4D4719B100B4E72CEF3E0820 /* MockTaskStore.swift in Sources */ = {isa = PBXBuildFile; fileRef = 2676D8BE48C1D40DD7680B92 /* MockTaskStore.swift */; };
		5080206B3376B34619E187C5 /* AppEnvironment.swift in Sources */ = {isa = PBXBuildFile; fileRef = B132ED4BED86CFBEBDBD08BB /* AppEnvironment.swift */; };
		5D5D800A62F99BA11946B1A2 /* AppRouter.swift in Sources */ = {isa = PBXBuildFile; fileRef = EAB8BEF41A67253CF6180862 /* AppRouter.swift */; };
		63D60970303B06877AFF18A8 /* FeatureCompletionE2ETests.swift in Sources */ = {isa = PBXBuildFile; fileRef = 9F157661AEE351F17F802E1F /* FeatureCompletionE2ETests.swift */; };
		64F5F104905CC5829CE5C2E8 /* FileTreeView.swift in Sources */ = {isa = PBXBuildFile; fileRef = 2857ACD99B912167BEE8E5C4 /* FileTreeView.swift */; };
		65F8D6125F0E86C2B5FC6DB9 /* MatrixAcceptanceE2ETests.swift in Sources */ = {isa = PBXBuildFile; fileRef = 1131AE9AF9924DE848134937 /* MatrixAcceptanceE2ETests.swift */; };
		6874FD94F0B7F0DE8149C525 /* MessageViews.swift in Sources */ = {isa = PBXBuildFile; fileRef = 357F6443D7A219168868AC99 /* MessageViews.swift */; };
		6C366BB6844240C467F2D5D3 /* RelayLinkE2ETests.swift in Sources */ = {isa = PBXBuildFile; fileRef = 14B1CAC94F8CAE0BCC38805B /* RelayLinkE2ETests.swift */; };
		6DE6C203A268BF4D58392317 /* KeychainStore.swift in Sources */ = {isa = PBXBuildFile; fileRef = 9FD86064AF09403B20827EDB /* KeychainStore.swift */; };
		6E282754066B0F428F97D9D5 /* RelayTransport.swift in Sources */ = {isa = PBXBuildFile; fileRef = F513D0940DD42550988A9351 /* RelayTransport.swift */; };
		755EEF3FFC49055CA927977A /* ChatViewModel.swift in Sources */ = {isa = PBXBuildFile; fileRef = 987EF24AD7D1A0C567D8911F /* ChatViewModel.swift */; };
		79B4C8627E2F9049E3C419A0 /* RelayLinkTests.swift in Sources */ = {isa = PBXBuildFile; fileRef = CBFB9FD9310D919F26F5DA83 /* RelayLinkTests.swift */; };
		7D61CF4C854810B49B5F225A /* TaskOutputView.swift in Sources */ = {isa = PBXBuildFile; fileRef = C90EB93AEA8236E68388101E /* TaskOutputView.swift */; };
		8AB773805DF3E1B9340F320B /* NavigationAndBotsE2ETests.swift in Sources */ = {isa = PBXBuildFile; fileRef = C8F687133558449544627D79 /* NavigationAndBotsE2ETests.swift */; };
		99CCADF8C16F3D0C4D2451B0 /* Theme.swift in Sources */ = {isa = PBXBuildFile; fileRef = 2B73673A2FFE2C16D419AB4C /* Theme.swift */; };
		9E7DC5B9286AC5BBE67244D7 /* ConnectURLParser.swift in Sources */ = {isa = PBXBuildFile; fileRef = 53692FEEF92BB75CC70D0DF4 /* ConnectURLParser.swift */; };
		A5DB59F32254FC3A043F7BAD /* TaskBoardView.swift in Sources */ = {isa = PBXBuildFile; fileRef = 4027129C01F9B0252616410F /* TaskBoardView.swift */; };
		B142F1A881FB55356C30DBF5 /* ConnectFlowView.swift in Sources */ = {isa = PBXBuildFile; fileRef = 9CD241F74A2E8BE0A7667821 /* ConnectFlowView.swift */; };
		B23B7A1F04E6472FA7ED3EDA /* ScanView.swift in Sources */ = {isa = PBXBuildFile; fileRef = C2DB5221A528B221ADDBC649 /* ScanView.swift */; };
		B7D59993D4B3BE7916B006EB /* NewConversationSheet.swift in Sources */ = {isa = PBXBuildFile; fileRef = 7CD6C92E5023305061C96EED /* NewConversationSheet.swift */; };
		B7E2AC6C5B8D58052BBD2474 /* RPCSerialization.swift in Sources */ = {isa = PBXBuildFile; fileRef = D684671D82D5D06BD34582F7 /* RPCSerialization.swift */; };
		B8ECF94D4DEC21D03450C50F /* RemoteConversationStore.swift in Sources */ = {isa = PBXBuildFile; fileRef = 266CCA9FEF758C632D709965 /* RemoteConversationStore.swift */; };
		BCDEF8024334DAE3541863A9 /* RelayFrameCodec.swift in Sources */ = {isa = PBXBuildFile; fileRef = C79F7B944778B3293F0E89BA /* RelayFrameCodec.swift */; };
		BECF95C62D565DCFC0CB0F7C /* ZaiOAuthProvider.swift in Sources */ = {isa = PBXBuildFile; fileRef = 2C59E2EE8C7D83EA6301D6C3 /* ZaiOAuthProvider.swift */; };
		BFC5B6C3F650A162AFA53843 /* ZCodeMobileLoginE2ETests.swift in Sources */ = {isa = PBXBuildFile; fileRef = 0266B0BDA4341531C4BB8EAB /* ZCodeMobileLoginE2ETests.swift */; };
		C19F592738097DB90555B40C /* OAuthResultView.swift in Sources */ = {isa = PBXBuildFile; fileRef = 92B6B03695BE9B0C3BD00EC9 /* OAuthResultView.swift */; };
		C588449E6A14A0CF4B3E18F9 /* Components.swift in Sources */ = {isa = PBXBuildFile; fileRef = E67D51DAE7C814996BEB7EA9 /* Components.swift */; };
		C89CABE10D2824B6DF5569F6 /* Localizable.xcstrings in Resources */ = {isa = PBXBuildFile; fileRef = B60587AB6B40C52E749FF984 /* Localizable.xcstrings */; };
		C97617519263B388A53759C9 /* StoreProtocols.swift in Sources */ = {isa = PBXBuildFile; fileRef = 449827792CD94C25C82C1927 /* StoreProtocols.swift */; };
		CC82D1D34D80C6076F939376 /* CompletenessUnitTests.swift in Sources */ = {isa = PBXBuildFile; fileRef = 20251CA9C8E283A5E27EC124 /* CompletenessUnitTests.swift */; };
		A1B2C3D4E5F6070899AABBCC /* DraftHandoffModelSelectionTests.swift in Sources */ = {isa = PBXBuildFile; fileRef = 0FEDCBA9876543211FFDDEE0 /* DraftHandoffModelSelectionTests.swift */; };
		CD557EF19BB4A6B5D77184FC /* ConversationListView.swift in Sources */ = {isa = PBXBuildFile; fileRef = 43175B854A9C5ECE89232888 /* ConversationListView.swift */; };
		CFA0F0AC773ABC972EB206A0 /* MockConversationStore.swift in Sources */ = {isa = PBXBuildFile; fileRef = E094796D4B74809F9343A250 /* MockConversationStore.swift */; };
		D20BD58777A81EE4F3A1AED3 /* ReadOnlyGate.swift in Sources */ = {isa = PBXBuildFile; fileRef = BF38B6E9156CE1C268D0D8B6 /* ReadOnlyGate.swift */; };
		D5425A5E93C49510D597780C /* ZCodeMobileApp.swift in Sources */ = {isa = PBXBuildFile; fileRef = 9C27788290E06BF1989EF09A /* ZCodeMobileApp.swift */; };
		D80F03C4B77FCE2B78327104 /* AppSession.swift in Sources */ = {isa = PBXBuildFile; fileRef = 48631105A3D61AB72E4809B1 /* AppSession.swift */; };
		DB8B93A52D6302E05E71E248 /* StoreEnvironment.swift in Sources */ = {isa = PBXBuildFile; fileRef = 4245B481AB769ADF05734962 /* StoreEnvironment.swift */; };
		DC3575605ED80F31124CF750 /* UserDefaultsSettingsStore.swift in Sources */ = {isa = PBXBuildFile; fileRef = 09FC90B4C2C1FF5129D9CE1A /* UserDefaultsSettingsStore.swift */; };
		DD826C9C2543024D0FE39710 /* ZCodeServerConnection.swift in Sources */ = {isa = PBXBuildFile; fileRef = AD723268C0BDC9B403E9C1D0 /* ZCodeServerConnection.swift */; };
		E202CBB0EC3C0C5A60FF9B45 /* RelayLink.swift in Sources */ = {isa = PBXBuildFile; fileRef = 3A67A0FE019BFAD6D56316ED /* RelayLink.swift */; };
		E24EBEE8F96CFA95E6304383 /* V4Wire.swift in Sources */ = {isa = PBXBuildFile; fileRef = D38F8B0C7583C93F53FEF5C2 /* V4Wire.swift */; };
		E53824F70E44802053E3A05D /* ZCodeMobileE2ETests.swift in Sources */ = {isa = PBXBuildFile; fileRef = 8F2752F667FD8A9F0987C4C8 /* ZCodeMobileE2ETests.swift */; };
		E880FA193126DE18432B53B6 /* TinyMarkdown.swift in Sources */ = {isa = PBXBuildFile; fileRef = 76CB6BD150DFF56D790C0DED /* TinyMarkdown.swift */; };
		E9CEF2BA30A6E22E867CC624 /* LanguageE2ETests.swift in Sources */ = {isa = PBXBuildFile; fileRef = 0EF8A7B6C21964A5B6A9AF85 /* LanguageE2ETests.swift */; };
		EF26D35D87B6D47A80BD1484 /* RemoteExtrasViews.swift in Sources */ = {isa = PBXBuildFile; fileRef = B7C564D7A900C7DCDABF4828 /* RemoteExtrasViews.swift */; };
		F1122B240286C08FF1661BA2 /* ChatView.swift in Sources */ = {isa = PBXBuildFile; fileRef = 259BB52CC3F6F22B250B6854 /* ChatView.swift */; };
		F6432E8B6FC46D066B752028 /* Assets.xcassets in Resources */ = {isa = PBXBuildFile; fileRef = D0B618579F817B6DB7A68BB8 /* Assets.xcassets */; };
		FA698651CC2464262DFEC4F0 /* Models.swift in Sources */ = {isa = PBXBuildFile; fileRef = 2B5B14DF327A24A2F38D163F /* Models.swift */; };
/* End PBXBuildFile section */

/* Begin PBXContainerItemProxy section */
		0CF3DB4F531CFD7C92F621CF /* PBXContainerItemProxy */ = {
			isa = PBXContainerItemProxy;
			containerPortal = 993747C745DE33B0F940061C /* Project object */;
			proxyType = 1;
			remoteGlobalIDString = 2C4D7549E27B70322D29C541;
			remoteInfo = ZCodeMobile;
		};
		249C46B38E5A0E25ABBA248B /* PBXContainerItemProxy */ = {
			isa = PBXContainerItemProxy;
			containerPortal = 993747C745DE33B0F940061C /* Project object */;
			proxyType = 1;
			remoteGlobalIDString = 2C4D7549E27B70322D29C541;
			remoteInfo = ZCodeMobile;
		};
/* End PBXContainerItemProxy section */

/* Begin PBXFileReference section */
		AAAA10070000000000000001 /* ProtocolSchema.swift */ = {isa = PBXFileReference; lastKnownFileType = sourcecode.swift; path = ProtocolSchema.swift; sourceTree = "<group>"; };
		AAAA10070000000000000002 /* CommandSchemas.swift */ = {isa = PBXFileReference; lastKnownFileType = sourcecode.swift; path = CommandSchemas.swift; sourceTree = "<group>"; };
		AAAA10070000000000000003 /* ConversationCommandFactory.swift */ = {isa = PBXFileReference; lastKnownFileType = sourcecode.swift; path = ConversationCommandFactory.swift; sourceTree = "<group>"; };
		AAAA10070000000000000004 /* AckActivationBarrier.swift */ = {isa = PBXFileReference; lastKnownFileType = sourcecode.swift; path = AckActivationBarrier.swift; sourceTree = "<group>"; };
		AAAA10070000000000000005 /* ProtocolSchemaTests.swift */ = {isa = PBXFileReference; lastKnownFileType = sourcecode.swift; path = ProtocolSchemaTests.swift; sourceTree = "<group>"; };
		AAAA10070000000000000006 /* CommandFactoryTests.swift */ = {isa = PBXFileReference; lastKnownFileType = sourcecode.swift; path = CommandFactoryTests.swift; sourceTree = "<group>"; };
		AAAA10070000000000000007 /* AckActivationBarrierTests.swift */ = {isa = PBXFileReference; lastKnownFileType = sourcecode.swift; path = AckActivationBarrierTests.swift; sourceTree = "<group>"; };
		0266B0BDA4341531C4BB8EAB /* ZCodeMobileLoginE2ETests.swift */ = {isa = PBXFileReference; lastKnownFileType = sourcecode.swift; path = ZCodeMobileLoginE2ETests.swift; sourceTree = "<group>"; };
		02BB093265D7B81233803F4F /* SessionPanelsView.swift */ = {isa = PBXFileReference; lastKnownFileType = sourcecode.swift; path = SessionPanelsView.swift; sourceTree = "<group>"; };
		0A3C7D100000000000000002 /* ComposerOptionSheet.swift */ = {isa = PBXFileReference; lastKnownFileType = sourcecode.swift; path = ComposerOptionSheet.swift; sourceTree = "<group>"; };
		09FC90B4C2C1FF5129D9CE1A /* UserDefaultsSettingsStore.swift */ = {isa = PBXFileReference; lastKnownFileType = sourcecode.swift; path = UserDefaultsSettingsStore.swift; sourceTree = "<group>"; };
		0B2D54E8CDE727E93B064055 /* RootView.swift */ = {isa = PBXFileReference; lastKnownFileType = sourcecode.swift; path = RootView.swift; sourceTree = "<group>"; };
		0CB00D44F0B2F788571998E0 /* AttachmentUploadService.swift */ = {isa = PBXFileReference; lastKnownFileType = sourcecode.swift; path = AttachmentUploadService.swift; sourceTree = "<group>"; };
		0EF8A7B6C21964A5B6A9AF85 /* LanguageE2ETests.swift */ = {isa = PBXFileReference; lastKnownFileType = sourcecode.swift; path = LanguageE2ETests.swift; sourceTree = "<group>"; };
		1131AE9AF9924DE848134937 /* MatrixAcceptanceE2ETests.swift */ = {isa = PBXFileReference; lastKnownFileType = sourcecode.swift; path = MatrixAcceptanceE2ETests.swift; sourceTree = "<group>"; };
		14B1CAC94F8CAE0BCC38805B /* RelayLinkE2ETests.swift */ = {isa = PBXFileReference; lastKnownFileType = sourcecode.swift; path = RelayLinkE2ETests.swift; sourceTree = "<group>"; };
		1CAB74D240B62FE6B7EDAC33 /* MockFileStore.swift */ = {isa = PBXFileReference; lastKnownFileType = sourcecode.swift; path = MockFileStore.swift; sourceTree = "<group>"; };
		20251CA9C8E283A5E27EC124 /* CompletenessUnitTests.swift */ = {isa = PBXFileReference; lastKnownFileType = sourcecode.swift; path = CompletenessUnitTests.swift; sourceTree = "<group>"; };
		0FEDCBA9876543211FFDDEE0 /* DraftHandoffModelSelectionTests.swift */ = {isa = PBXFileReference; lastKnownFileType = sourcecode.swift; path = DraftHandoffModelSelectionTests.swift; sourceTree = "<group>"; };
		23506970C8F49897FBAB8DD6 /* ApprovalSheetView.swift */ = {isa = PBXFileReference; lastKnownFileType = sourcecode.swift; path = ApprovalSheetView.swift; sourceTree = "<group>"; };
		259BB52CC3F6F22B250B6854 /* ChatView.swift */ = {isa = PBXFileReference; lastKnownFileType = sourcecode.swift; path = ChatView.swift; sourceTree = "<group>"; };
		266CCA9FEF758C632D709965 /* RemoteConversationStore.swift */ = {isa = PBXFileReference; lastKnownFileType = sourcecode.swift; path = RemoteConversationStore.swift; sourceTree = "<group>"; };
		2676D8BE48C1D40DD7680B92 /* MockTaskStore.swift */ = {isa = PBXFileReference; lastKnownFileType = sourcecode.swift; path = MockTaskStore.swift; sourceTree = "<group>"; };
		2857ACD99B912167BEE8E5C4 /* FileTreeView.swift */ = {isa = PBXFileReference; lastKnownFileType = sourcecode.swift; path = FileTreeView.swift; sourceTree = "<group>"; };
		2B5B14DF327A24A2F38D163F /* Models.swift */ = {isa = PBXFileReference; lastKnownFileType = sourcecode.swift; path = Models.swift; sourceTree = "<group>"; };
		2B73673A2FFE2C16D419AB4C /* Theme.swift */ = {isa = PBXFileReference; lastKnownFileType = sourcecode.swift; path = Theme.swift; sourceTree = "<group>"; };
		2C59E2EE8C7D83EA6301D6C3 /* ZaiOAuthProvider.swift */ = {isa = PBXFileReference; lastKnownFileType = sourcecode.swift; path = ZaiOAuthProvider.swift; sourceTree = "<group>"; };
		2E4B9ACB0572642919E42511 /* ZCodeMobileUITests.xctest */ = {isa = PBXFileReference; includeInIndex = 0; lastKnownFileType = wrapper.cfbundle; path = ZCodeMobileUITests.xctest; sourceTree = BUILT_PRODUCTS_DIR; };
		357F6443D7A219168868AC99 /* MessageViews.swift */ = {isa = PBXFileReference; lastKnownFileType = sourcecode.swift; path = MessageViews.swift; sourceTree = "<group>"; };
		3A67A0FE019BFAD6D56316ED /* RelayLink.swift */ = {isa = PBXFileReference; lastKnownFileType = sourcecode.swift; path = RelayLink.swift; sourceTree = "<group>"; };
		4027129C01F9B0252616410F /* TaskBoardView.swift */ = {isa = PBXFileReference; lastKnownFileType = sourcecode.swift; path = TaskBoardView.swift; sourceTree = "<group>"; };
		4245B481AB769ADF05734962 /* StoreEnvironment.swift */ = {isa = PBXFileReference; lastKnownFileType = sourcecode.swift; path = StoreEnvironment.swift; sourceTree = "<group>"; };
		43175B854A9C5ECE89232888 /* ConversationListView.swift */ = {isa = PBXFileReference; lastKnownFileType = sourcecode.swift; path = ConversationListView.swift; sourceTree = "<group>"; };
		449827792CD94C25C82C1927 /* StoreProtocols.swift */ = {isa = PBXFileReference; lastKnownFileType = sourcecode.swift; path = StoreProtocols.swift; sourceTree = "<group>"; };
		4577956DAA867320EDEF1D80 /* RemoteFileStore.swift */ = {isa = PBXFileReference; lastKnownFileType = sourcecode.swift; path = RemoteFileStore.swift; sourceTree = "<group>"; };
		48631105A3D61AB72E4809B1 /* AppSession.swift */ = {isa = PBXFileReference; lastKnownFileType = sourcecode.swift; path = AppSession.swift; sourceTree = "<group>"; };
		4E3A14B63EB694487754EC04 /* ChannelClient.swift */ = {isa = PBXFileReference; lastKnownFileType = sourcecode.swift; path = ChannelClient.swift; sourceTree = "<group>"; };
		526D1D725C702380F055B0AA /* ContextPicker.swift */ = {isa = PBXFileReference; lastKnownFileType = sourcecode.swift; path = ContextPicker.swift; sourceTree = "<group>"; };
		53692FEEF92BB75CC70D0DF4 /* ConnectURLParser.swift */ = {isa = PBXFileReference; lastKnownFileType = sourcecode.swift; path = ConnectURLParser.swift; sourceTree = "<group>"; };
		60F40DB0E5742B8570C2994B /* ServerViews.swift */ = {isa = PBXFileReference; lastKnownFileType = sourcecode.swift; path = ServerViews.swift; sourceTree = "<group>"; };
		674143DCBCAFE98264D2354D /* RelayChannelClient.swift */ = {isa = PBXFileReference; lastKnownFileType = sourcecode.swift; path = RelayChannelClient.swift; sourceTree = "<group>"; };
		6ABFC2280688B1F228898495 /* TaskNotificationContentTests.swift */ = {isa = PBXFileReference; lastKnownFileType = sourcecode.swift; path = TaskNotificationContentTests.swift; sourceTree = "<group>"; };
		76CB6BD150DFF56D790C0DED /* TinyMarkdown.swift */ = {isa = PBXFileReference; lastKnownFileType = sourcecode.swift; path = TinyMarkdown.swift; sourceTree = "<group>"; };
		7CD6C92E5023305061C96EED /* NewConversationSheet.swift */ = {isa = PBXFileReference; lastKnownFileType = sourcecode.swift; path = NewConversationSheet.swift; sourceTree = "<group>"; };
		7F3D9C08B7B35175B7A33DEC /* E2ELoginStubServer.swift */ = {isa = PBXFileReference; lastKnownFileType = sourcecode.swift; path = E2ELoginStubServer.swift; sourceTree = "<group>"; };
		8A9AA0CA3BA45B100DFB9B64 /* LayoutAuditTests.swift */ = {isa = PBXFileReference; lastKnownFileType = sourcecode.swift; path = LayoutAuditTests.swift; sourceTree = "<group>"; };
		8F2752F667FD8A9F0987C4C8 /* ZCodeMobileE2ETests.swift */ = {isa = PBXFileReference; lastKnownFileType = sourcecode.swift; path = ZCodeMobileE2ETests.swift; sourceTree = "<group>"; };
		92B6B03695BE9B0C3BD00EC9 /* OAuthResultView.swift */ = {isa = PBXFileReference; lastKnownFileType = sourcecode.swift; path = OAuthResultView.swift; sourceTree = "<group>"; };
		986DC64F9C9F609E26A8FC0D /* NotificationService.swift */ = {isa = PBXFileReference; lastKnownFileType = sourcecode.swift; path = NotificationService.swift; sourceTree = "<group>"; };
		987EF24AD7D1A0C567D8911F /* ChatViewModel.swift */ = {isa = PBXFileReference; lastKnownFileType = sourcecode.swift; path = ChatViewModel.swift; sourceTree = "<group>"; };
		99765DA82BF8AB5FF5A1A8A5 /* P2ExtrasViews.swift */ = {isa = PBXFileReference; lastKnownFileType = sourcecode.swift; path = P2ExtrasViews.swift; sourceTree = "<group>"; };
		9C27788290E06BF1989EF09A /* ZCodeMobileApp.swift */ = {isa = PBXFileReference; lastKnownFileType = sourcecode.swift; path = ZCodeMobileApp.swift; sourceTree = "<group>"; };
		9CD241F74A2E8BE0A7667821 /* ConnectFlowView.swift */ = {isa = PBXFileReference; lastKnownFileType = sourcecode.swift; path = ConnectFlowView.swift; sourceTree = "<group>"; };
		9F157661AEE351F17F802E1F /* FeatureCompletionE2ETests.swift */ = {isa = PBXFileReference; lastKnownFileType = sourcecode.swift; path = FeatureCompletionE2ETests.swift; sourceTree = "<group>"; };
		9FD86064AF09403B20827EDB /* KeychainStore.swift */ = {isa = PBXFileReference; lastKnownFileType = sourcecode.swift; path = KeychainStore.swift; sourceTree = "<group>"; };
		AD723268C0BDC9B403E9C1D0 /* ZCodeServerConnection.swift */ = {isa = PBXFileReference; lastKnownFileType = sourcecode.swift; path = ZCodeServerConnection.swift; sourceTree = "<group>"; };
		AFF67A6E16C2F1EDDABC001C /* BotManagementView.swift */ = {isa = PBXFileReference; lastKnownFileType = sourcecode.swift; path = BotManagementView.swift; sourceTree = "<group>"; };
		B132ED4BED86CFBEBDBD08BB /* AppEnvironment.swift */ = {isa = PBXFileReference; lastKnownFileType = sourcecode.swift; path = AppEnvironment.swift; sourceTree = "<group>"; };
		B296D89A887ECBA85C7B16C3 /* ZCodeMobileTests.xctest */ = {isa = PBXFileReference; includeInIndex = 0; lastKnownFileType = wrapper.cfbundle; path = ZCodeMobileTests.xctest; sourceTree = BUILT_PRODUCTS_DIR; };
		B60587AB6B40C52E749FF984 /* Localizable.xcstrings */ = {isa = PBXFileReference; lastKnownFileType = text.json.xcstrings; path = Localizable.xcstrings; sourceTree = "<group>"; };
		B7C564D7A900C7DCDABF4828 /* RemoteExtrasViews.swift */ = {isa = PBXFileReference; lastKnownFileType = sourcecode.swift; path = RemoteExtrasViews.swift; sourceTree = "<group>"; };
		BD165EFCA94743A60E247DB2 /* RemoteTaskStore.swift */ = {isa = PBXFileReference; lastKnownFileType = sourcecode.swift; path = RemoteTaskStore.swift; sourceTree = "<group>"; };
		BEA6F6A479CDA01323F0589A /* SettingsView.swift */ = {isa = PBXFileReference; lastKnownFileType = sourcecode.swift; path = SettingsView.swift; sourceTree = "<group>"; };
		BF38B6E9156CE1C268D0D8B6 /* ReadOnlyGate.swift */ = {isa = PBXFileReference; lastKnownFileType = sourcecode.swift; path = ReadOnlyGate.swift; sourceTree = "<group>"; };
		C2DB5221A528B221ADDBC649 /* ScanView.swift */ = {isa = PBXFileReference; lastKnownFileType = sourcecode.swift; path = ScanView.swift; sourceTree = "<group>"; };
		C79F7B944778B3293F0E89BA /* RelayFrameCodec.swift */ = {isa = PBXFileReference; lastKnownFileType = sourcecode.swift; path = RelayFrameCodec.swift; sourceTree = "<group>"; };
		C8F687133558449544627D79 /* NavigationAndBotsE2ETests.swift */ = {isa = PBXFileReference; lastKnownFileType = sourcecode.swift; path = NavigationAndBotsE2ETests.swift; sourceTree = "<group>"; };
		C90EB93AEA8236E68388101E /* TaskOutputView.swift */ = {isa = PBXFileReference; lastKnownFileType = sourcecode.swift; path = TaskOutputView.swift; sourceTree = "<group>"; };
		CBFB9FD9310D919F26F5DA83 /* RelayLinkTests.swift */ = {isa = PBXFileReference; lastKnownFileType = sourcecode.swift; path = RelayLinkTests.swift; sourceTree = "<group>"; };
		CC85D0006A385C2129A7D97B /* ReadOnlyGateTests.swift */ = {isa = PBXFileReference; lastKnownFileType = sourcecode.swift; path = ReadOnlyGateTests.swift; sourceTree = "<group>"; };
		D0B618579F817B6DB7A68BB8 /* Assets.xcassets */ = {isa = PBXFileReference; lastKnownFileType = folder.assetcatalog; path = Assets.xcassets; sourceTree = "<group>"; };
		D38F8B0C7583C93F53FEF5C2 /* V4Wire.swift */ = {isa = PBXFileReference; lastKnownFileType = sourcecode.swift; path = V4Wire.swift; sourceTree = "<group>"; };
		D61D8B3A9F83D69D99B7A644 /* ConnectingView.swift */ = {isa = PBXFileReference; lastKnownFileType = sourcecode.swift; path = ConnectingView.swift; sourceTree = "<group>"; };
		D684671D82D5D06BD34582F7 /* RPCSerialization.swift */ = {isa = PBXFileReference; lastKnownFileType = sourcecode.swift; path = RPCSerialization.swift; sourceTree = "<group>"; };
		D6D51E2B40D70587E47F1E8A /* DiffReviewView.swift */ = {isa = PBXFileReference; lastKnownFileType = sourcecode.swift; path = DiffReviewView.swift; sourceTree = "<group>"; };
		DBDFB6B2861B6F275C9CBE81 /* ZCodeMobile.app */ = {isa = PBXFileReference; explicitFileType = wrapper.application; includeInIndex = 0; path = ZCodeMobile.app; sourceTree = BUILT_PRODUCTS_DIR; };
		E094796D4B74809F9343A250 /* MockConversationStore.swift */ = {isa = PBXFileReference; lastKnownFileType = sourcecode.swift; path = MockConversationStore.swift; sourceTree = "<group>"; };
		E67D51DAE7C814996BEB7EA9 /* Components.swift */ = {isa = PBXFileReference; lastKnownFileType = sourcecode.swift; path = Components.swift; sourceTree = "<group>"; };
		EAB8BEF41A67253CF6180862 /* AppRouter.swift */ = {isa = PBXFileReference; lastKnownFileType = sourcecode.swift; path = AppRouter.swift; sourceTree = "<group>"; };
		F4D0EFC01CC7EA3E6A1C779E /* LoginFlowView.swift */ = {isa = PBXFileReference; lastKnownFileType = sourcecode.swift; path = LoginFlowView.swift; sourceTree = "<group>"; };
		F513D0940DD42550988A9351 /* RelayTransport.swift */ = {isa = PBXFileReference; lastKnownFileType = sourcecode.swift; path = RelayTransport.swift; sourceTree = "<group>"; };
		F81ACB9B3F4D7D6E09FD87C5 /* InfoPlist.xcstrings */ = {isa = PBXFileReference; lastKnownFileType = text.json.xcstrings; path = InfoPlist.xcstrings; sourceTree = "<group>"; };
/* End PBXFileReference section */

/* Begin PBXGroup section */
		0337068B17BFE5F714F5FBFD /* Services */ = {
			isa = PBXGroup;
			children = (
				6C4C68004391617AE5F1B8FE /* Attachments */,
				04A8E74B20805D3C16118A82 /* Keychain */,
				1817D78BADBCE393EB034046 /* Notifications */,
				91DC52FC19D054F9971A1077 /* OAuth */,
				61D6903641250C0C5053C8D5 /* Relay */,
				2CC8F0F16E04E6C334A9DE9B /* Remote */,
				B60777CBF5621E9D5A561863 /* RPC */,
			);
			path = Services;
			sourceTree = "<group>";
		};
		04A8E74B20805D3C16118A82 /* Keychain */ = {
			isa = PBXGroup;
			children = (
				9FD86064AF09403B20827EDB /* KeychainStore.swift */,
			);
			path = Keychain;
			sourceTree = "<group>";
		};
		0A68A5BC822A167ED37B99A7 /* Resources */ = {
			isa = PBXGroup;
			children = (
				D0B618579F817B6DB7A68BB8 /* Assets.xcassets */,
				F81ACB9B3F4D7D6E09FD87C5 /* InfoPlist.xcstrings */,
				B60587AB6B40C52E749FF984 /* Localizable.xcstrings */,
			);
			path = Resources;
			sourceTree = "<group>";
		};
		1817D78BADBCE393EB034046 /* Notifications */ = {
			isa = PBXGroup;
			children = (
				986DC64F9C9F609E26A8FC0D /* NotificationService.swift */,
			);
			path = Notifications;
			sourceTree = "<group>";
		};
		195DC92FBD33B0E1550CEBA7 /* Stores */ = {
			isa = PBXGroup;
			children = (
				A65E20F55AC9E4345FA5983E /* Remote */,
				E094796D4B74809F9343A250 /* MockConversationStore.swift */,
				1CAB74D240B62FE6B7EDAC33 /* MockFileStore.swift */,
				2676D8BE48C1D40DD7680B92 /* MockTaskStore.swift */,
				4245B481AB769ADF05734962 /* StoreEnvironment.swift */,
				449827792CD94C25C82C1927 /* StoreProtocols.swift */,
				09FC90B4C2C1FF5129D9CE1A /* UserDefaultsSettingsStore.swift */,
			);
			path = Stores;
			sourceTree = "<group>";
		};
		2B99384A9858A1EED69E9146 /* Components */ = {
			isa = PBXGroup;
			children = (
				E67D51DAE7C814996BEB7EA9 /* Components.swift */,
				76CB6BD150DFF56D790C0DED /* TinyMarkdown.swift */,
			);
			path = Components;
			sourceTree = "<group>";
		};
		2CC8F0F16E04E6C334A9DE9B /* Remote */ = {
			isa = PBXGroup;
			children = (
				48631105A3D61AB72E4809B1 /* AppSession.swift */,
				53692FEEF92BB75CC70D0DF4 /* ConnectURLParser.swift */,
				BF38B6E9156CE1C268D0D8B6 /* ReadOnlyGate.swift */,
				AD723268C0BDC9B403E9C1D0 /* ZCodeServerConnection.swift */,
			);
			path = Remote;
			sourceTree = "<group>";
		};
		3021FA23EA27757B9C25A8D4 /* Sources */ = {
			isa = PBXGroup;
			children = (
				FE1A8ACB089409255495E720 /* App */,
				2B99384A9858A1EED69E9146 /* Components */,
				752399DA975B431AA677A587 /* Features */,
				ACC45E3039E3A3B49A74FFD6 /* Models */,
				0337068B17BFE5F714F5FBFD /* Services */,
				195DC92FBD33B0E1550CEBA7 /* Stores */,
				97F735D988930C470D59D713 /* Theme */,
			);
			path = Sources;
			sourceTree = "<group>";
		};
		350E0193241AEFD105760557 /* UnitTests */ = {
			isa = PBXGroup;
			children = (
				20251CA9C8E283A5E27EC124 /* CompletenessUnitTests.swift */,
				0FEDCBA9876543211FFDDEE0 /* DraftHandoffModelSelectionTests.swift */,
				AAAA10070000000000000007 /* AckActivationBarrierTests.swift */,
				AAAA10070000000000000006 /* CommandFactoryTests.swift */,
				AAAA10070000000000000005 /* ProtocolSchemaTests.swift */,
				CC85D0006A385C2129A7D97B /* ReadOnlyGateTests.swift */,
				CBFB9FD9310D919F26F5DA83 /* RelayLinkTests.swift */,
				6ABFC2280688B1F228898495 /* TaskNotificationContentTests.swift */,
			);
			path = UnitTests;
			sourceTree = "<group>";
		};
		35C632529AE26AFE5614341B /* Settings */ = {
			isa = PBXGroup;
			children = (
				AFF67A6E16C2F1EDDABC001C /* BotManagementView.swift */,
				99765DA82BF8AB5FF5A1A8A5 /* P2ExtrasViews.swift */,
				B7C564D7A900C7DCDABF4828 /* RemoteExtrasViews.swift */,
				BEA6F6A479CDA01323F0589A /* SettingsView.swift */,
			);
			path = Settings;
			sourceTree = "<group>";
		};
		3E457EDC5270D5AFAF583DFD /* ZCodeMobileApp */ = {
			isa = PBXGroup;
			children = (
				0A68A5BC822A167ED37B99A7 /* Resources */,
				3021FA23EA27757B9C25A8D4 /* Sources */,
			);
			path = ZCodeMobileApp;
			sourceTree = "<group>";
		};
		50FDEA2B0D85209F62549592 /* Connect */ = {
			isa = PBXGroup;
			children = (
				9CD241F74A2E8BE0A7667821 /* ConnectFlowView.swift */,
				D61D8B3A9F83D69D99B7A644 /* ConnectingView.swift */,
				C2DB5221A528B221ADDBC649 /* ScanView.swift */,
				60F40DB0E5742B8570C2994B /* ServerViews.swift */,
			);
			path = Connect;
			sourceTree = "<group>";
		};
		5505DAAB3A2E47BAB069DF43 /* Tests */ = {
			isa = PBXGroup;
			children = (
				7F3D9C08B7B35175B7A33DEC /* E2ELoginStubServer.swift */,
				9F157661AEE351F17F802E1F /* FeatureCompletionE2ETests.swift */,
				0EF8A7B6C21964A5B6A9AF85 /* LanguageE2ETests.swift */,
				8A9AA0CA3BA45B100DFB9B64 /* LayoutAuditTests.swift */,
				1131AE9AF9924DE848134937 /* MatrixAcceptanceE2ETests.swift */,
				C8F687133558449544627D79 /* NavigationAndBotsE2ETests.swift */,
				14B1CAC94F8CAE0BCC38805B /* RelayLinkE2ETests.swift */,
				8F2752F667FD8A9F0987C4C8 /* ZCodeMobileE2ETests.swift */,
				0266B0BDA4341531C4BB8EAB /* ZCodeMobileLoginE2ETests.swift */,
			);
			path = Tests;
			sourceTree = "<group>";
		};
		61D6903641250C0C5053C8D5 /* Relay */ = {
			isa = PBXGroup;
			children = (
				674143DCBCAFE98264D2354D /* RelayChannelClient.swift */,
				C79F7B944778B3293F0E89BA /* RelayFrameCodec.swift */,
				3A67A0FE019BFAD6D56316ED /* RelayLink.swift */,
				F513D0940DD42550988A9351 /* RelayTransport.swift */,
			);
			path = Relay;
			sourceTree = "<group>";
		};
		6A52C652BC0778DC1900A0EB /* Login */ = {
			isa = PBXGroup;
			children = (
				F4D0EFC01CC7EA3E6A1C779E /* LoginFlowView.swift */,
				92B6B03695BE9B0C3BD00EC9 /* OAuthResultView.swift */,
			);
			path = Login;
			sourceTree = "<group>";
		};
		6C4C68004391617AE5F1B8FE /* Attachments */ = {
			isa = PBXGroup;
			children = (
				0CB00D44F0B2F788571998E0 /* AttachmentUploadService.swift */,
			);
			path = Attachments;
			sourceTree = "<group>";
		};
		710B439B8BD40A8BC56DF905 /* Tasks */ = {
			isa = PBXGroup;
			children = (
				23506970C8F49897FBAB8DD6 /* ApprovalSheetView.swift */,
				4027129C01F9B0252616410F /* TaskBoardView.swift */,
				C90EB93AEA8236E68388101E /* TaskOutputView.swift */,
			);
			path = Tasks;
			sourceTree = "<group>";
		};
		752399DA975B431AA677A587 /* Features */ = {
			isa = PBXGroup;
			children = (
				50FDEA2B0D85209F62549592 /* Connect */,
				B8944E7DD375E2E633B2FBFB /* Conversations */,
				7A749C9300B24169D9F46FA6 /* Files */,
				6A52C652BC0778DC1900A0EB /* Login */,
				35C632529AE26AFE5614341B /* Settings */,
				710B439B8BD40A8BC56DF905 /* Tasks */,
			);
			path = Features;
			sourceTree = "<group>";
		};
		7A749C9300B24169D9F46FA6 /* Files */ = {
			isa = PBXGroup;
			children = (
				D6D51E2B40D70587E47F1E8A /* DiffReviewView.swift */,
				2857ACD99B912167BEE8E5C4 /* FileTreeView.swift */,
			);
			path = Files;
			sourceTree = "<group>";
		};
		91DC52FC19D054F9971A1077 /* OAuth */ = {
			isa = PBXGroup;
			children = (
				2C59E2EE8C7D83EA6301D6C3 /* ZaiOAuthProvider.swift */,
			);
			path = OAuth;
			sourceTree = "<group>";
		};
		97F735D988930C470D59D713 /* Theme */ = {
			isa = PBXGroup;
			children = (
				2B73673A2FFE2C16D419AB4C /* Theme.swift */,
			);
			path = Theme;
			sourceTree = "<group>";
		};
		9F56DA159BC86C7C3B7C8F91 /* Products */ = {
			isa = PBXGroup;
			children = (
				DBDFB6B2861B6F275C9CBE81 /* ZCodeMobile.app */,
				B296D89A887ECBA85C7B16C3 /* ZCodeMobileTests.xctest */,
				2E4B9ACB0572642919E42511 /* ZCodeMobileUITests.xctest */,
			);
			name = Products;
			sourceTree = "<group>";
		};
		A65E20F55AC9E4345FA5983E /* Remote */ = {
			isa = PBXGroup;
			children = (
				AAAA10070000000000000004 /* AckActivationBarrier.swift */,
				266CCA9FEF758C632D709965 /* RemoteConversationStore.swift */,
				4577956DAA867320EDEF1D80 /* RemoteFileStore.swift */,
				BD165EFCA94743A60E247DB2 /* RemoteTaskStore.swift */,
			);
			path = Remote;
			sourceTree = "<group>";
		};
		ACC45E3039E3A3B49A74FFD6 /* Models */ = {
			isa = PBXGroup;
			children = (
				2B5B14DF327A24A2F38D163F /* Models.swift */,
			);
			path = Models;
			sourceTree = "<group>";
		};
		B60777CBF5621E9D5A561863 /* RPC */ = {
			isa = PBXGroup;
			children = (
				4E3A14B63EB694487754EC04 /* ChannelClient.swift */,
				AAAA10070000000000000002 /* CommandSchemas.swift */,
				AAAA10070000000000000003 /* ConversationCommandFactory.swift */,
				AAAA10070000000000000001 /* ProtocolSchema.swift */,
				D684671D82D5D06BD34582F7 /* RPCSerialization.swift */,
				D38F8B0C7583C93F53FEF5C2 /* V4Wire.swift */,
			);
			path = RPC;
			sourceTree = "<group>";
		};
		B8944E7DD375E2E633B2FBFB /* Conversations */ = {
			isa = PBXGroup;
			children = (
				259BB52CC3F6F22B250B6854 /* ChatView.swift */,
				987EF24AD7D1A0C567D8911F /* ChatViewModel.swift */,
				526D1D725C702380F055B0AA /* ContextPicker.swift */,
				43175B854A9C5ECE89232888 /* ConversationListView.swift */,
				357F6443D7A219168868AC99 /* MessageViews.swift */,
				7CD6C92E5023305061C96EED /* NewConversationSheet.swift */,
				02BB093265D7B81233803F4F /* SessionPanelsView.swift */,
				0A3C7D100000000000000002 /* ComposerOptionSheet.swift */,
			);
			path = Conversations;
			sourceTree = "<group>";
		};
		E0C7476DB1F4EE35B55C62E8 = {
			isa = PBXGroup;
			children = (
				5505DAAB3A2E47BAB069DF43 /* Tests */,
				350E0193241AEFD105760557 /* UnitTests */,
				3E457EDC5270D5AFAF583DFD /* ZCodeMobileApp */,
				9F56DA159BC86C7C3B7C8F91 /* Products */,
			);
			sourceTree = "<group>";
		};
		FE1A8ACB089409255495E720 /* App */ = {
			isa = PBXGroup;
			children = (
				B132ED4BED86CFBEBDBD08BB /* AppEnvironment.swift */,
				EAB8BEF41A67253CF6180862 /* AppRouter.swift */,
				0B2D54E8CDE727E93B064055 /* RootView.swift */,
				9C27788290E06BF1989EF09A /* ZCodeMobileApp.swift */,
			);
			path = App;
			sourceTree = "<group>";
		};
/* End PBXGroup section */

/* Begin PBXNativeTarget section */
		2C4D7549E27B70322D29C541 /* ZCodeMobile */ = {
			isa = PBXNativeTarget;
			buildConfigurationList = F28E21E9CDCA423B795CB694 /* Build configuration list for PBXNativeTarget "ZCodeMobile" */;
			buildPhases = (
				6265D6350A101B9B490DD1C2 /* Sources */,
				8AA8117D88D817E8F49CC980 /* Resources */,
			);
			buildRules = (
			);
			dependencies = (
			);
			name = ZCodeMobile;
			packageProductDependencies = (
			);
			productName = ZCodeMobile;
			productReference = DBDFB6B2861B6F275C9CBE81 /* ZCodeMobile.app */;
			productType = "com.apple.product-type.application";
		};
		478E9A29DB34707E984AB901 /* ZCodeMobileUITests */ = {
			isa = PBXNativeTarget;
			buildConfigurationList = A41060A7D37A9689F9805F33 /* Build configuration list for PBXNativeTarget "ZCodeMobileUITests" */;
			buildPhases = (
				0D37C8D9D31A10ECE7640929 /* Sources */,
			);
			buildRules = (
			);
			dependencies = (
				A7AC68798C4104B0E0FE68E5 /* PBXTargetDependency */,
			);
			name = ZCodeMobileUITests;
			packageProductDependencies = (
			);
			productName = ZCodeMobileUITests;
			productReference = 2E4B9ACB0572642919E42511 /* ZCodeMobileUITests.xctest */;
			productType = "com.apple.product-type.bundle.ui-testing";
		};
		CE46BFC959BF5A01CD727039 /* ZCodeMobileTests */ = {
			isa = PBXNativeTarget;
			buildConfigurationList = 0A9DB74F1654B17945293800 /* Build configuration list for PBXNativeTarget "ZCodeMobileTests" */;
			buildPhases = (
				8A2A7066CA4C98EBCD5737D8 /* Sources */,
			);
			buildRules = (
			);
			dependencies = (
				F4119E0B0E66787AD2D29E7D /* PBXTargetDependency */,
			);
			name = ZCodeMobileTests;
			packageProductDependencies = (
			);
			productName = ZCodeMobileTests;
			productReference = B296D89A887ECBA85C7B16C3 /* ZCodeMobileTests.xctest */;
			productType = "com.apple.product-type.bundle.unit-test";
		};
/* End PBXNativeTarget section */

/* Begin PBXProject section */
		993747C745DE33B0F940061C /* Project object */ = {
			isa = PBXProject;
			attributes = {
				BuildIndependentTargetsInParallel = YES;
				LastUpgradeCheck = 1430;
				TargetAttributes = {
					2C4D7549E27B70322D29C541 = {
						ProvisioningStyle = Automatic;
					};
					478E9A29DB34707E984AB901 = {
						DevelopmentTeam = "";
						ProvisioningStyle = Automatic;
						TestTargetID = 2C4D7549E27B70322D29C541;
					};
					CE46BFC959BF5A01CD727039 = {
						DevelopmentTeam = "";
						ProvisioningStyle = Automatic;
					};
				};
			};
			buildConfigurationList = E1DEE60F5D45FC4A4068CF60 /* Build configuration list for PBXProject "ZCodeMobile" */;
			developmentRegion = "zh-Hans";
			hasScannedForEncodings = 0;
			knownRegions = (
				Base,
				"zh-Hans",
			);
			mainGroup = E0C7476DB1F4EE35B55C62E8;
			minimizedProjectReferenceProxies = 1;
			preferredProjectObjectVersion = 77;
			productRefGroup = 9F56DA159BC86C7C3B7C8F91 /* Products */;
			projectDirPath = "";
			projectRoot = "";
			targets = (
				2C4D7549E27B70322D29C541 /* ZCodeMobile */,
				478E9A29DB34707E984AB901 /* ZCodeMobileUITests */,
				CE46BFC959BF5A01CD727039 /* ZCodeMobileTests */,
			);
		};
/* End PBXProject section */

/* Begin PBXResourcesBuildPhase section */
		8AA8117D88D817E8F49CC980 /* Resources */ = {
			isa = PBXResourcesBuildPhase;
			buildActionMask = 2147483647;
			files = (
				F6432E8B6FC46D066B752028 /* Assets.xcassets in Resources */,
				0CA11EA530D57750D59B798F /* InfoPlist.xcstrings in Resources */,
				C89CABE10D2824B6DF5569F6 /* Localizable.xcstrings in Resources */,
			);
			runOnlyForDeploymentPostprocessing = 0;
		};
/* End PBXResourcesBuildPhase section */

/* Begin PBXSourcesBuildPhase section */
		0D37C8D9D31A10ECE7640929 /* Sources */ = {
			isa = PBXSourcesBuildPhase;
			buildActionMask = 2147483647;
			files = (
				235BF9FFB1393D602F36DEA6 /* E2ELoginStubServer.swift in Sources */,
				63D60970303B06877AFF18A8 /* FeatureCompletionE2ETests.swift in Sources */,
				E9CEF2BA30A6E22E867CC624 /* LanguageE2ETests.swift in Sources */,
				37533D714B52A6824AE7D4E9 /* LayoutAuditTests.swift in Sources */,
				65F8D6125F0E86C2B5FC6DB9 /* MatrixAcceptanceE2ETests.swift in Sources */,
				8AB773805DF3E1B9340F320B /* NavigationAndBotsE2ETests.swift in Sources */,
				6C366BB6844240C467F2D5D3 /* RelayLinkE2ETests.swift in Sources */,
				E53824F70E44802053E3A05D /* ZCodeMobileE2ETests.swift in Sources */,
				BFC5B6C3F650A162AFA53843 /* ZCodeMobileLoginE2ETests.swift in Sources */,
			);
			runOnlyForDeploymentPostprocessing = 0;
		};
		6265D6350A101B9B490DD1C2 /* Sources */ = {
			isa = PBXSourcesBuildPhase;
			buildActionMask = 2147483647;
			files = (
				5080206B3376B34619E187C5 /* AppEnvironment.swift in Sources */,
				5D5D800A62F99BA11946B1A2 /* AppRouter.swift in Sources */,
				D80F03C4B77FCE2B78327104 /* AppSession.swift in Sources */,
				0FF26C3041A097354663BA12 /* ApprovalSheetView.swift in Sources */,
				1B6C9058EFDDB56F599C6906 /* AttachmentUploadService.swift in Sources */,
				2103A6AADB7612478388ED1E /* BotManagementView.swift in Sources */,
				45C176870C4D64D5A955D12A /* ChannelClient.swift in Sources */,
				F1122B240286C08FF1661BA2 /* ChatView.swift in Sources */,
				755EEF3FFC49055CA927977A /* ChatViewModel.swift in Sources */,
				C588449E6A14A0CF4B3E18F9 /* Components.swift in Sources */,
				B142F1A881FB55356C30DBF5 /* ConnectFlowView.swift in Sources */,
				9E7DC5B9286AC5BBE67244D7 /* ConnectURLParser.swift in Sources */,
				31A02139F5ECCDA2966B42C0 /* ConnectingView.swift in Sources */,
				09A6B884D81B1F4E996AD6E3 /* ContextPicker.swift in Sources */,
				CD557EF19BB4A6B5D77184FC /* ConversationListView.swift in Sources */,
				4B6D4418DF4A5E2107C86B7D /* DiffReviewView.swift in Sources */,
				64F5F104905CC5829CE5C2E8 /* FileTreeView.swift in Sources */,
				6DE6C203A268BF4D58392317 /* KeychainStore.swift in Sources */,
				29E79CA65041A927147558C4 /* LoginFlowView.swift in Sources */,
				6874FD94F0B7F0DE8149C525 /* MessageViews.swift in Sources */,
				CFA0F0AC773ABC972EB206A0 /* MockConversationStore.swift in Sources */,
				4BC94FE4A6EFF5638A58AEE8 /* MockFileStore.swift in Sources */,
				4D4719B100B4E72CEF3E0820 /* MockTaskStore.swift in Sources */,
				FA698651CC2464262DFEC4F0 /* Models.swift in Sources */,
				B7D59993D4B3BE7916B006EB /* NewConversationSheet.swift in Sources */,
				476F50FC672DDB0712555491 /* NotificationService.swift in Sources */,
				C19F592738097DB90555B40C /* OAuthResultView.swift in Sources */,
				02F787931DA9B07F3E639348 /* P2ExtrasViews.swift in Sources */,
				B7E2AC6C5B8D58052BBD2474 /* RPCSerialization.swift in Sources */,
				D20BD58777A81EE4F3A1AED3 /* ReadOnlyGate.swift in Sources */,
				1A1D8FFB9A29DDEDF0EA2FC8 /* RelayChannelClient.swift in Sources */,
				BCDEF8024334DAE3541863A9 /* RelayFrameCodec.swift in Sources */,
				E202CBB0EC3C0C5A60FF9B45 /* RelayLink.swift in Sources */,
				6E282754066B0F428F97D9D5 /* RelayTransport.swift in Sources */,
				B8ECF94D4DEC21D03450C50F /* RemoteConversationStore.swift in Sources */,
				EF26D35D87B6D47A80BD1484 /* RemoteExtrasViews.swift in Sources */,
				09D377064333165DF8AB0906 /* RemoteFileStore.swift in Sources */,
				2F26FEE02E29CA5BAD46EA2C /* RemoteTaskStore.swift in Sources */,
				002950721655AE315013635C /* RootView.swift in Sources */,
				B23B7A1F04E6472FA7ED3EDA /* ScanView.swift in Sources */,
				096A2BC7145DBEFA1A9EBC13 /* ServerViews.swift in Sources */,
				05565D541E975E664A34E318 /* SessionPanelsView.swift in Sources */,
				0A3C7D100000000000000001 /* ComposerOptionSheet.swift in Sources */,
				086FD4E9F567588B9134DB15 /* SettingsView.swift in Sources */,
				DB8B93A52D6302E05E71E248 /* StoreEnvironment.swift in Sources */,
				C97617519263B388A53759C9 /* StoreProtocols.swift in Sources */,
				A5DB59F32254FC3A043F7BAD /* TaskBoardView.swift in Sources */,
				7D61CF4C854810B49B5F225A /* TaskOutputView.swift in Sources */,
				99CCADF8C16F3D0C4D2451B0 /* Theme.swift in Sources */,
				E880FA193126DE18432B53B6 /* TinyMarkdown.swift in Sources */,
				DC3575605ED80F31124CF750 /* UserDefaultsSettingsStore.swift in Sources */,
				E24EBEE8F96CFA95E6304383 /* V4Wire.swift in Sources */,
				BBBB10070000000000000001 /* ProtocolSchema.swift in Sources */,
				BBBB10070000000000000002 /* CommandSchemas.swift in Sources */,
				BBBB10070000000000000003 /* ConversationCommandFactory.swift in Sources */,
				BBBB10070000000000000004 /* AckActivationBarrier.swift in Sources */,
				D5425A5E93C49510D597780C /* ZCodeMobileApp.swift in Sources */,
				DD826C9C2543024D0FE39710 /* ZCodeServerConnection.swift in Sources */,
				BECF95C62D565DCFC0CB0F7C /* ZaiOAuthProvider.swift in Sources */,
			);
			runOnlyForDeploymentPostprocessing = 0;
		};
		8A2A7066CA4C98EBCD5737D8 /* Sources */ = {
			isa = PBXSourcesBuildPhase;
			buildActionMask = 2147483647;
			files = (
				CC82D1D34D80C6076F939376 /* CompletenessUnitTests.swift in Sources */,
				A1B2C3D4E5F6070899AABBCC /* DraftHandoffModelSelectionTests.swift in Sources */,
				1A73CEFE48C996FA3D99A8AA /* ReadOnlyGateTests.swift in Sources */,
				BBBB10070000000000000005 /* ProtocolSchemaTests.swift in Sources */,
				BBBB10070000000000000006 /* CommandFactoryTests.swift in Sources */,
				BBBB10070000000000000007 /* AckActivationBarrierTests.swift in Sources */,
				79B4C8627E2F9049E3C419A0 /* RelayLinkTests.swift in Sources */,
				017BAE8773AC3CE5A203FE27 /* TaskNotificationContentTests.swift in Sources */,
			);
			runOnlyForDeploymentPostprocessing = 0;
		};
/* End PBXSourcesBuildPhase section */

/* Begin PBXTargetDependency section */
		A7AC68798C4104B0E0FE68E5 /* PBXTargetDependency */ = {
			isa = PBXTargetDependency;
			target = 2C4D7549E27B70322D29C541 /* ZCodeMobile */;
			targetProxy = 249C46B38E5A0E25ABBA248B /* PBXContainerItemProxy */;
		};
		F4119E0B0E66787AD2D29E7D /* PBXTargetDependency */ = {
			isa = PBXTargetDependency;
			target = 2C4D7549E27B70322D29C541 /* ZCodeMobile */;
			targetProxy = 0CF3DB4F531CFD7C92F621CF /* PBXContainerItemProxy */;
		};
/* End PBXTargetDependency section */

/* Begin XCBuildConfiguration section */
		2ED1A8462D57F1CD7C66BA44 /* Debug */ = {
			isa = XCBuildConfiguration;
			buildSettings = {
				ALWAYS_SEARCH_USER_PATHS = NO;
				CLANG_ANALYZER_NONNULL = YES;
				CLANG_ANALYZER_NUMBER_OBJECT_CONVERSION = YES_AGGRESSIVE;
				CLANG_CXX_LANGUAGE_STANDARD = "gnu++14";
				CLANG_CXX_LIBRARY = "libc++";
				CLANG_ENABLE_MODULES = YES;
				CLANG_ENABLE_OBJC_ARC = YES;
				CLANG_ENABLE_OBJC_WEAK = YES;
				CLANG_WARN_BLOCK_CAPTURE_AUTORELEASING = YES;
				CLANG_WARN_BOOL_CONVERSION = YES;
				CLANG_WARN_COMMA = YES;
				CLANG_WARN_CONSTANT_CONVERSION = YES;
				CLANG_WARN_DEPRECATED_OBJC_IMPLEMENTATIONS = YES;
				CLANG_WARN_DIRECT_OBJC_ISA_USAGE = YES_ERROR;
				CLANG_WARN_DOCUMENTATION_COMMENTS = YES;
				CLANG_WARN_EMPTY_BODY = YES;
				CLANG_WARN_ENUM_CONVERSION = YES;
				CLANG_WARN_INFINITE_RECURSION = YES;
				CLANG_WARN_INT_CONVERSION = YES;
				CLANG_WARN_NON_LITERAL_NULL_CONVERSION = YES;
				CLANG_WARN_OBJC_IMPLICIT_RETAIN_SELF = YES;
				CLANG_WARN_OBJC_LITERAL_CONVERSION = YES;
				CLANG_WARN_OBJC_ROOT_CLASS = YES_ERROR;
				CLANG_WARN_QUOTED_INCLUDE_IN_FRAMEWORK_HEADER = YES;
				CLANG_WARN_RANGE_LOOP_ANALYSIS = YES;
				CLANG_WARN_STRICT_PROTOTYPES = YES;
				CLANG_WARN_SUSPICIOUS_MOVE = YES;
				CLANG_WARN_UNGUARDED_AVAILABILITY = YES_AGGRESSIVE;
				CLANG_WARN_UNREACHABLE_CODE = YES;
				CLANG_WARN__DUPLICATE_METHOD_MATCH = YES;
				CODE_SIGN_IDENTITY = "-";
				CODE_SIGN_STYLE = Automatic;
				COPY_PHASE_STRIP = NO;
				DEBUG_INFORMATION_FORMAT = dwarf;
				DEVELOPMENT_TEAM = "";
				ENABLE_STRICT_OBJC_MSGSEND = YES;
				ENABLE_TESTABILITY = YES;
				ENABLE_USER_SCRIPT_SANDBOXING = YES;
				GCC_C_LANGUAGE_STANDARD = gnu11;
				GCC_DYNAMIC_NO_PIC = NO;
				GCC_NO_COMMON_BLOCKS = YES;
				GCC_OPTIMIZATION_LEVEL = 0;
				GCC_PREPROCESSOR_DEFINITIONS = (
					"$(inherited)",
					"DEBUG=1",
				);
				GCC_WARN_64_TO_32_BIT_CONVERSION = YES;
				GCC_WARN_ABOUT_RETURN_TYPE = YES_ERROR;
				GCC_WARN_UNDECLARED_SELECTOR = YES;
				GCC_WARN_UNINITIALIZED_AUTOS = YES_AGGRESSIVE;
				GCC_WARN_UNUSED_FUNCTION = YES;
				GCC_WARN_UNUSED_VARIABLE = YES;
				IPHONEOS_DEPLOYMENT_TARGET = 17.0;
				MTL_ENABLE_DEBUG_INFO = INCLUDE_SOURCE;
				MTL_FAST_MATH = YES;
				ONLY_ACTIVE_ARCH = YES;
				PRODUCT_NAME = "$(TARGET_NAME)";
				SDKROOT = iphoneos;
				SWIFT_ACTIVE_COMPILATION_CONDITIONS = DEBUG;
				SWIFT_OPTIMIZATION_LEVEL = "-Onone";
				SWIFT_VERSION = 5.9;
			};
			name = Debug;
		};
		4C8D4191ACB504F6A68CBDBB /* Debug */ = {
			isa = XCBuildConfiguration;
			buildSettings = {
				ASSETCATALOG_COMPILER_APPICON_NAME = AppIcon;
				CODE_SIGN_IDENTITY = "iPhone Developer";
				CURRENT_PROJECT_VERSION = 1;
				DEVELOPMENT_TEAM = 3MLJ37C5NB;
				ENABLE_PREVIEWS = YES;
				GENERATE_INFOPLIST_FILE = NO;
				INFOPLIST_FILE = ZCodeMobileApp/Info.plist;
				LD_RUNPATH_SEARCH_PATHS = (
					"$(inherited)",
					"@executable_path/Frameworks",
				);
				MARKETING_VERSION = 1.0.0;
				PRODUCT_BUNDLE_IDENTIFIER = cn.biuz.mobile;
				PRODUCT_NAME = ZCodeMobile;
				SDKROOT = iphoneos;
				SWIFT_EMIT_LOC_STRINGS = YES;
				TARGETED_DEVICE_FAMILY = 1;
			};
			name = Debug;
		};
		753469DDAEFD55D2797A967C /* Release */ = {
			isa = XCBuildConfiguration;
			buildSettings = {
				ASSETCATALOG_COMPILER_APPICON_NAME = AppIcon;
				CODE_SIGN_IDENTITY = "iPhone Developer";
				CURRENT_PROJECT_VERSION = 1;
				DEVELOPMENT_TEAM = 3MLJ37C5NB;
				ENABLE_PREVIEWS = YES;
				GENERATE_INFOPLIST_FILE = NO;
				INFOPLIST_FILE = ZCodeMobileApp/Info.plist;
				LD_RUNPATH_SEARCH_PATHS = (
					"$(inherited)",
					"@executable_path/Frameworks",
				);
				MARKETING_VERSION = 1.0.0;
				PRODUCT_BUNDLE_IDENTIFIER = cn.biuz.mobile;
				PRODUCT_NAME = ZCodeMobile;
				SDKROOT = iphoneos;
				SWIFT_EMIT_LOC_STRINGS = YES;
				TARGETED_DEVICE_FAMILY = 1;
			};
			name = Release;
		};
		86DB85CE37603A7A6B887003 /* Debug */ = {
			isa = XCBuildConfiguration;
			buildSettings = {
				BUNDLE_LOADER = "$(TEST_HOST)";
				GENERATE_INFOPLIST_FILE = YES;
				LD_RUNPATH_SEARCH_PATHS = (
					"$(inherited)",
					"@executable_path/Frameworks",
					"@loader_path/Frameworks",
				);
				PRODUCT_BUNDLE_IDENTIFIER = cn.biuz.mobile.tests;
				SDKROOT = iphoneos;
				TARGETED_DEVICE_FAMILY = "1,2";
				TEST_HOST = "$(BUILT_PRODUCTS_DIR)/ZCodeMobile.app/ZCodeMobile";
			};
			name = Debug;
		};
		87F6B21EDE0D889C2B0ABD30 /* Release */ = {
			isa = XCBuildConfiguration;
			buildSettings = {
				ALWAYS_SEARCH_USER_PATHS = NO;
				CLANG_ANALYZER_NONNULL = YES;
				CLANG_ANALYZER_NUMBER_OBJECT_CONVERSION = YES_AGGRESSIVE;
				CLANG_CXX_LANGUAGE_STANDARD = "gnu++14";
				CLANG_CXX_LIBRARY = "libc++";
				CLANG_ENABLE_MODULES = YES;
				CLANG_ENABLE_OBJC_ARC = YES;
				CLANG_ENABLE_OBJC_WEAK = YES;
				CLANG_WARN_BLOCK_CAPTURE_AUTORELEASING = YES;
				CLANG_WARN_BOOL_CONVERSION = YES;
				CLANG_WARN_COMMA = YES;
				CLANG_WARN_CONSTANT_CONVERSION = YES;
				CLANG_WARN_DEPRECATED_OBJC_IMPLEMENTATIONS = YES;
				CLANG_WARN_DIRECT_OBJC_ISA_USAGE = YES_ERROR;
				CLANG_WARN_DOCUMENTATION_COMMENTS = YES;
				CLANG_WARN_EMPTY_BODY = YES;
				CLANG_WARN_ENUM_CONVERSION = YES;
				CLANG_WARN_INFINITE_RECURSION = YES;
				CLANG_WARN_INT_CONVERSION = YES;
				CLANG_WARN_NON_LITERAL_NULL_CONVERSION = YES;
				CLANG_WARN_OBJC_IMPLICIT_RETAIN_SELF = YES;
				CLANG_WARN_OBJC_LITERAL_CONVERSION = YES;
				CLANG_WARN_OBJC_ROOT_CLASS = YES_ERROR;
				CLANG_WARN_QUOTED_INCLUDE_IN_FRAMEWORK_HEADER = YES;
				CLANG_WARN_RANGE_LOOP_ANALYSIS = YES;
				CLANG_WARN_STRICT_PROTOTYPES = YES;
				CLANG_WARN_SUSPICIOUS_MOVE = YES;
				CLANG_WARN_UNGUARDED_AVAILABILITY = YES_AGGRESSIVE;
				CLANG_WARN_UNREACHABLE_CODE = YES;
				CLANG_WARN__DUPLICATE_METHOD_MATCH = YES;
				CODE_SIGN_IDENTITY = "-";
				CODE_SIGN_STYLE = Automatic;
				COPY_PHASE_STRIP = NO;
				DEBUG_INFORMATION_FORMAT = "dwarf-with-dsym";
				DEVELOPMENT_TEAM = "";
				ENABLE_NS_ASSERTIONS = NO;
				ENABLE_STRICT_OBJC_MSGSEND = YES;
				ENABLE_USER_SCRIPT_SANDBOXING = YES;
				GCC_C_LANGUAGE_STANDARD = gnu11;
				GCC_NO_COMMON_BLOCKS = YES;
				GCC_WARN_64_TO_32_BIT_CONVERSION = YES;
				GCC_WARN_ABOUT_RETURN_TYPE = YES_ERROR;
				GCC_WARN_UNDECLARED_SELECTOR = YES;
				GCC_WARN_UNINITIALIZED_AUTOS = YES_AGGRESSIVE;
				GCC_WARN_UNUSED_FUNCTION = YES;
				GCC_WARN_UNUSED_VARIABLE = YES;
				IPHONEOS_DEPLOYMENT_TARGET = 17.0;
				MTL_ENABLE_DEBUG_INFO = NO;
				MTL_FAST_MATH = YES;
				PRODUCT_NAME = "$(TARGET_NAME)";
				SDKROOT = iphoneos;
				SWIFT_COMPILATION_MODE = wholemodule;
				SWIFT_OPTIMIZATION_LEVEL = "-O";
				SWIFT_VERSION = 5.9;
			};
			name = Release;
		};
		9C83EC15C0E91A95F94501BA /* Debug */ = {
			isa = XCBuildConfiguration;
			buildSettings = {
				BUNDLE_LOADER = "$(TEST_HOST)";
				GENERATE_INFOPLIST_FILE = YES;
				LD_RUNPATH_SEARCH_PATHS = (
					"$(inherited)",
					"@executable_path/Frameworks",
					"@loader_path/Frameworks",
				);
				PRODUCT_BUNDLE_IDENTIFIER = cn.biuz.mobile.uitests;
				SDKROOT = iphoneos;
				TARGETED_DEVICE_FAMILY = "1,2";
				TEST_TARGET_NAME = ZCodeMobile;
			};
			name = Debug;
		};
		B161ECDBEF1528360701F328 /* Release */ = {
			isa = XCBuildConfiguration;
			buildSettings = {
				BUNDLE_LOADER = "$(TEST_HOST)";
				GENERATE_INFOPLIST_FILE = YES;
				LD_RUNPATH_SEARCH_PATHS = (
					"$(inherited)",
					"@executable_path/Frameworks",
					"@loader_path/Frameworks",
				);
				PRODUCT_BUNDLE_IDENTIFIER = cn.biuz.mobile.tests;
				SDKROOT = iphoneos;
				TARGETED_DEVICE_FAMILY = "1,2";
				TEST_HOST = "$(BUILT_PRODUCTS_DIR)/ZCodeMobile.app/ZCodeMobile";
			};
			name = Release;
		};
		BC0C49FD5F125E5E7E504675 /* Release */ = {
			isa = XCBuildConfiguration;
			buildSettings = {
				BUNDLE_LOADER = "$(TEST_HOST)";
				GENERATE_INFOPLIST_FILE = YES;
				LD_RUNPATH_SEARCH_PATHS = (
					"$(inherited)",
					"@executable_path/Frameworks",
					"@loader_path/Frameworks",
				);
				PRODUCT_BUNDLE_IDENTIFIER = cn.biuz.mobile.uitests;
				SDKROOT = iphoneos;
				TARGETED_DEVICE_FAMILY = "1,2";
				TEST_TARGET_NAME = ZCodeMobile;
			};
			name = Release;
		};
/* End XCBuildConfiguration section */

/* Begin XCConfigurationList section */
		0A9DB74F1654B17945293800 /* Build configuration list for PBXNativeTarget "ZCodeMobileTests" */ = {
			isa = XCConfigurationList;
			buildConfigurations = (
				86DB85CE37603A7A6B887003 /* Debug */,
				B161ECDBEF1528360701F328 /* Release */,
			);
			defaultConfigurationIsVisible = 0;
			defaultConfigurationName = Debug;
		};
		A41060A7D37A9689F9805F33 /* Build configuration list for PBXNativeTarget "ZCodeMobileUITests" */ = {
			isa = XCConfigurationList;
			buildConfigurations = (
				9C83EC15C0E91A95F94501BA /* Debug */,
				BC0C49FD5F125E5E7E504675 /* Release */,
			);
			defaultConfigurationIsVisible = 0;
			defaultConfigurationName = Debug;
		};
		E1DEE60F5D45FC4A4068CF60 /* Build configuration list for PBXProject "ZCodeMobile" */ = {
			isa = XCConfigurationList;
			buildConfigurations = (
				2ED1A8462D57F1CD7C66BA44 /* Debug */,
				87F6B21EDE0D889C2B0ABD30 /* Release */,
			);
			defaultConfigurationIsVisible = 0;
			defaultConfigurationName = Debug;
		};
		F28E21E9CDCA423B795CB694 /* Build configuration list for PBXNativeTarget "ZCodeMobile" */ = {
			isa = XCConfigurationList;
			buildConfigurations = (
				4C8D4191ACB504F6A68CBDBB /* Debug */,
				753469DDAEFD55D2797A967C /* Release */,
			);
			defaultConfigurationIsVisible = 0;
			defaultConfigurationName = Debug;
		};
/* End XCConfigurationList section */
	};
	rootObject = 993747C745DE33B0F940061C /* Project object */;
}
